{
  "R": {
    "Version": "3.6.1",
    "Repositories": [
      {
        "Name": "CRAN",
        "URL": "https://mran.microsoft.com/snapshot/2019-12-12"
      }
    ]
  },
  "Bioconductor": {
    "Version": "3.10"
  },
  "Packages": {
    "ALL": {
      "Package": "ALL",
      "Version": "1.28.0",
      "Source": "Bioconductor",
      "Hash": "1f6257b681d7a985f37da7e2f7c08425"
    },
    "AnnotationDbi": {
      "Package": "AnnotationDbi",
      "Version": "1.48.0",
      "Source": "Bioconductor",
      "Hash": "c5f3f140470b1941580859d3fc5c6bc0"
    },
    "AnnotationHub": {
      "Package": "AnnotationHub",
      "Version": "2.18.0",
      "Source": "Bioconductor",
      "Hash": "4b655fac74af6201509cdd923c3b2b2a"
    },
    "BH": {
      "Package": "BH",
      "Version": "1.69.0-1",
      "Source": "Repository",
      "Repository": "CRAN",
      "Hash": "f4605d46264b35f53072fc9ee7ace15f"
    },
    "Biobase": {
      "Package": "Biobase",
      "Version": "2.46.0",
      "Source": "Bioconductor",
      "Hash": "ddbfe185296ede75aadb84a51724ac88"
    },
    "BiocFileCache": {
      "Package": "BiocFileCache",
      "Version": "1.10.2",
      "Source": "Bioconductor",
      "Hash": "6b036e16fdfecc74e515a92b74983b20"
    },
    "BiocGenerics": {
      "Package": "BiocGenerics",
      "Version": "0.32.0",
      "Source": "Bioconductor",
      "Hash": "b2dabf833cc349c2cd9cba38de7af085"
    },
    "BiocManager": {
      "Package": "BiocManager",
      "Version": "1.30.10",
      "Source": "Repository",
      "Repository": "CRAN",
      "Hash": "db75371846625725e221470b310da1d5"
    },
    "BiocNeighbors": {
      "Package": "BiocNeighbors",
      "Version": "1.4.2",
      "Source": "Bioconductor",
      "Hash": "7efabfe65f1a19d9393a18165291da4d"
    },
    "BiocParallel": {
      "Package": "BiocParallel",
      "Version": "1.20.1",
      "Source": "Bioconductor",
      "Hash": "744ce1b8f59ad5827fe03f30a4fe8e50"
    },
    "BiocSingular": {
      "Package": "BiocSingular",
      "Version": "1.2.2",
      "Source": "Bioconductor",
      "Hash": "f7ddc50823c540769c5e09b6680fcbc8"
    },
    "BiocVersion": {
      "Package": "BiocVersion",
      "Version": "3.10.1",
      "Source": "Bioconductor",
      "Hash": "b69e4e634db423b8e6c58103d579ec95"
    },
    "ComplexHeatmap": {
      "Package": "ComplexHeatmap",
      "Version": "2.2.0",
      "Source": "Bioconductor",
      "Hash": "f492083ab656ec37164ffcb15b3d70dc"
    },
    "ConsensusClusterPlus": {
      "Package": "ConsensusClusterPlus",
      "Version": "1.50.0",
      "Source": "Bioconductor",
      "Hash": "4dfe136c0303613c396491fd7fb2beb8"
    },
    "DBI": {
      "Package": "DBI",
      "Version": "1.0.0",
      "Source": "Repository",
      "Repository": "CRAN",
      "Hash": "7bc8be0e425da29fe0e10f792bdbb74b"
    },
    "DESeq2": {
      "Package": "DESeq2",
      "Version": "1.26.0",
      "Source": "Bioconductor",
      "Hash": "2d7498bcee6497bfb16433828cca25fe"
    },
    "DO.db": {
      "Package": "DO.db",
      "Version": "2.9",
      "Source": "Bioconductor",
      "Hash": "7d05e00472158bda5f124df351af0a49"
    },
    "DOSE": {
      "Package": "DOSE",
      "Version": "3.12.0",
      "Source": "Bioconductor",
      "Hash": "3bcbfe172efc609ab46c52ee3b035167"
    },
    "DelayedArray": {
      "Package": "DelayedArray",
      "Version": "0.12.3",
      "Source": "Bioconductor",
      "Hash": "b6d613d1e53206ce39aa7a27a1704486"
    },
    "DelayedMatrixStats": {
      "Package": "DelayedMatrixStats",
      "Version": "1.8.0",
      "Source": "Bioconductor",
      "Hash": "1071302d3371eb4170b03b9ebf66760a"
    },
    "Formula": {
      "Package": "Formula",
      "Version": "1.2-3",
      "Source": "Repository",
      "Repository": "CRAN",
      "Hash": "0537b6f1f38ea1fd514089192724bb6e"
    },
    "GEOquery": {
      "Package": "GEOquery",
      "Version": "2.54.1",
      "Source": "Bioconductor",
      "Hash": "d9dfc272bfe6edafb4de3ce32d3d4cdc"
    },
    "GO.db": {
      "Package": "GO.db",
      "Version": "3.10.0",
      "Source": "Bioconductor",
      "Hash": "54a49210c5dd89ac926e12c56273a740"
    },
    "GOSemSim": {
      "Package": "GOSemSim",
      "Version": "2.12.1",
      "Source": "Bioconductor",
      "Hash": "3856ebfe80d4764988260680d84c05f0"
    },
    "GSEABase": {
      "Package": "GSEABase",
      "Version": "1.48.0",
      "Source": "Bioconductor",
      "Hash": "8da6094cec5424a19350b35ba48aad1d"
    },
    "GSVA": {
      "Package": "GSVA",
      "Version": "1.34.0",
      "Source": "Bioconductor",
      "Hash": "afd5e3e939c939a0bb0fe7429b753f32"
    },
    "GenomeInfoDb": {
      "Package": "GenomeInfoDb",
      "Version": "1.22.1",
      "Source": "Bioconductor",
      "Hash": "df46d6ce62f1e897fecbfc5e847d823c"
    },
    "GenomeInfoDbData": {
      "Package": "GenomeInfoDbData",
      "Version": "1.2.2",
      "Source": "Bioconductor",
      "Hash": "de42132c04371f624cdea8de86e8fc5d"
    },
    "GenomicRanges": {
      "Package": "GenomicRanges",
      "Version": "1.38.0",
      "Source": "Bioconductor",
      "Hash": "8ff54983afa8eda100fa0fcadd6816bf"
    },
    "GetoptLong": {
      "Package": "GetoptLong",
      "Version": "1.0.2",
      "Source": "Repository",
      "Repository": "CRAN",
      "Hash": "fc218638dbe846f03a756c3c56a05e3f"
    },
    "GlobalOptions": {
      "Package": "GlobalOptions",
      "Version": "0.1.2",
      "Source": "Repository",
      "Repository": "CRAN",
      "Hash": "c3f7b221e60c28f5f3533d74c6fef024"
    },
    "HDF5Array": {
      "Package": "HDF5Array",
      "Version": "1.14.4",
      "Source": "Bioconductor",
      "Hash": "95944feb6cff540c92031a09309f3bef"
    },
    "Hmisc": {
      "Package": "Hmisc",
      "Version": "4.4-1",
      "Source": "Repository",
      "Repository": "CRAN",
      "Hash": "35bce0d50fdf86441171ff6742e29c8c"
    },
    "IRanges": {
      "Package": "IRanges",
      "Version": "2.20.2",
      "Source": "Bioconductor",
      "Hash": "148fe882b25f679b03afc45da15e760c"
    },
    "MASS": {
      "Package": "MASS",
      "Version": "7.3-51.4",
      "Source": "Repository",
      "Repository": "CRAN",
      "Hash": "a94714e63996bc284b8795ec50defc07"
    },
    "Matrix": {
      "Package": "Matrix",
      "Version": "1.2-17",
      "Source": "Repository",
      "Repository": "CRAN",
      "Hash": "39ea11fb3ad0d759f9f1c053fd442957"
    },
    "R6": {
      "Package": "R6",
      "Version": "2.4.1",
      "Source": "Repository",
      "Repository": "CRAN",
      "Hash": "292b54f8f4b94669b08f94e5acce6be2"
    },
    "RColorBrewer": {
      "Package": "RColorBrewer",
      "Version": "1.1-2",
      "Source": "Repository",
      "Repository": "CRAN",
      "Hash": "e031418365a7f7a766181ab5a41a5716"
    },
    "RCurl": {
      "Package": "RCurl",
      "Version": "1.98-1.2",
      "Source": "Repository",
      "Repository": "CRAN",
      "Hash": "cf29e1b71f8736960e0e851123a83e6f"
    },
    "RSQLite": {
      "Package": "RSQLite",
      "Version": "2.1.4",
      "Source": "Repository",
      "Repository": "CRAN",
      "Hash": "b6c4ce6169ff2929e9454fd5395e6107"
    },
    "RSpectra": {
      "Package": "RSpectra",
      "Version": "0.16-0",
      "Source": "Repository",
      "Repository": "CRAN",
      "Hash": "a41329d24d5a98eaed2bd0159adb1b5f"
    },
    "Rcpp": {
      "Package": "Rcpp",
      "Version": "1.0.3",
      "Source": "Repository",
      "Repository": "CRAN",
      "Hash": "f3ca785924863b0e4c8cb23b6a5c75a1"
    },
    "RcppAnnoy": {
      "Package": "RcppAnnoy",
      "Version": "0.0.14",
      "Source": "Repository",
      "Repository": "CRAN",
      "Hash": "b027124e169777564aedd5dc23a4a1df"
    },
    "RcppArmadillo": {
      "Package": "RcppArmadillo",
      "Version": "0.9.800.3.0",
      "Source": "Repository",
      "Repository": "CRAN",
      "Hash": "0f1dd78cdd147c72d7c8f652391c61b2"
    },
    "RcppEigen": {
      "Package": "RcppEigen",
      "Version": "0.3.3.7.0",
      "Source": "Repository",
      "Repository": "CRAN",
      "Hash": "c6faf038ba4346b1de19ad7c99b8f94a"
    },
    "RcppHNSW": {
      "Package": "RcppHNSW",
      "Version": "0.2.0",
      "Source": "Repository",
      "Repository": "CRAN",
      "Hash": "3224f3204b7a8be299b3f939c07025ad"
    },
    "Rhdf5lib": {
      "Package": "Rhdf5lib",
      "Version": "1.8.0",
      "Source": "Bioconductor",
      "Hash": "4a3bef5117511bfc1a0b23fddd7585ef"
    },
    "S4Vectors": {
      "Package": "S4Vectors",
      "Version": "0.24.4",
      "Source": "Bioconductor",
      "Hash": "e338665aea0ba0bbf7615d318b2eccee"
    },
    "SingleCellExperiment": {
      "Package": "SingleCellExperiment",
      "Version": "1.8.0",
      "Source": "Bioconductor",
      "Hash": "cfacead44b3a501a8d782af94cc7e2c9"
    },
    "SummarizedExperiment": {
      "Package": "SummarizedExperiment",
      "Version": "1.16.1",
      "Source": "Bioconductor",
      "Hash": "1f4c0859b8f338bd9f8c0b7967e719a3"
    },
    "XML": {
      "Package": "XML",
      "Version": "3.98-1.20",
      "Source": "Repository",
      "Repository": "CRAN",
      "Hash": "0ec6acb7f3e2f376ca6b9541b9709107"
    },
    "XVector": {
      "Package": "XVector",
      "Version": "0.26.0",
      "Source": "Bioconductor",
      "Hash": "b72b7c53049b71fbfd0792fb7ec66987"
    },
    "affy": {
      "Package": "affy",
      "Version": "1.64.0",
      "Source": "Bioconductor",
      "Hash": "83390377cf81c4fb06f937924f8f351c"
    },
    "affyio": {
      "Package": "affyio",
      "Version": "1.56.0",
      "Source": "Bioconductor",
      "Hash": "bb2529820eb29ca72c6fadd7ea05bfbe"
    },
    "annotate": {
      "Package": "annotate",
      "Version": "1.64.0",
      "Source": "Bioconductor",
      "Hash": "48b73c5d046919eceb3867df75074b30"
    },
    "askpass": {
      "Package": "askpass",
      "Version": "1.1",
      "Source": "Repository",
      "Repository": "CRAN",
      "Hash": "e8a22846fff485f0be3770c2da758713"
    },
    "assertthat": {
      "Package": "assertthat",
      "Version": "0.2.1",
      "Source": "Repository",
      "Repository": "CRAN",
      "Hash": "50c838a310445e954bc13f26f26a6ecf"
    },
    "backports": {
      "Package": "backports",
      "Version": "1.1.5",
      "Source": "Repository",
      "Repository": "CRAN",
      "Hash": "e9f705633dc932bfd5b02b17a5053a06"
    },
    "base64enc": {
      "Package": "base64enc",
      "Version": "0.1-3",
      "Source": "Repository",
      "Repository": "CRAN",
      "Hash": "543776ae6848fde2f48ff3816d0628bc"
    },
    "beachmat": {
      "Package": "beachmat",
      "Version": "2.2.1",
      "Source": "Bioconductor",
      "Hash": "13b4829abeb942aea40478bf235c4e0b"
    },
    "beeswarm": {
      "Package": "beeswarm",
      "Version": "0.2.3",
      "Source": "Repository",
      "Repository": "CRAN",
      "Hash": "dc538ec663e38888807ef3034489403d"
    },
    "bit": {
      "Package": "bit",
      "Version": "1.1-14",
      "Source": "Repository",
      "Repository": "CRAN",
      "Hash": "ac0b4115f7bddd07e733e1ac1697c687"
    },
    "bit64": {
      "Package": "bit64",
      "Version": "0.9-7",
      "Source": "Repository",
      "Repository": "CRAN",
      "Hash": "3338d4a9b1352f5a613e2bdcefe784ea"
    },
    "bitops": {
      "Package": "bitops",
      "Version": "1.0-6",
      "Source": "Repository",
      "Repository": "CRAN",
      "Hash": "0b118d5900596bae6c4d4865374536a6"
    },
    "blob": {
      "Package": "blob",
      "Version": "1.2.0",
      "Source": "Repository",
      "Repository": "CRAN",
      "Hash": "8c6547c141bccd7fc5ee850f2bf5ea27"
    },
    "broom": {
      "Package": "broom",
      "Version": "0.5.2",
      "Source": "Repository",
      "Repository": "CRAN",
      "Hash": "065e275fddb15dc398c02dccba7c2922"
    },
    "callr": {
      "Package": "callr",
      "Version": "3.4.0",
      "Source": "Repository",
      "Repository": "CRAN",
      "Hash": "f73f76ba9c2c23cbe3a7657f7411ddc4"
    },
    "cellranger": {
      "Package": "cellranger",
      "Version": "1.1.0",
      "Source": "Repository",
      "Repository": "CRAN",
      "Hash": "f61dbaec772ccd2e17705c1e872e9e7c"
    },
    "checkmate": {
      "Package": "checkmate",
      "Version": "2.0.0",
      "Source": "Repository",
      "Repository": "CRAN",
      "Hash": "a667800d5f0350371bedeb8b8b950289"
    },
    "circlize": {
      "Package": "circlize",
      "Version": "0.4.10",
      "Source": "Repository",
      "Repository": "CRAN",
      "Hash": "8f42bf50869cf41df5d7fee2f1247fcd"
    },
    "cli": {
      "Package": "cli",
      "Version": "2.0.0",
      "Source": "Repository",
      "Repository": "CRAN",
      "Hash": "f41a3aa27b911750a6526b450d0b8ea4"
    },
    "clipr": {
      "Package": "clipr",
      "Version": "0.7.0",
      "Source": "Repository",
      "Repository": "CRAN",
      "Hash": "08cf4045c149a0f0eaf405324c7495bd"
    },
    "clue": {
      "Package": "clue",
      "Version": "0.3-57",
      "Source": "Repository",
      "Repository": "CRAN",
      "Hash": "c4dcf2e9abe03e3f2c183bbe07461ddc"
    },
    "cluster": {
      "Package": "cluster",
      "Version": "2.1.0",
      "Source": "Repository",
      "Repository": "CRAN",
      "Hash": "db63a44aab5aadcb6bf2f129751d129a"
    },
    "clusterProfiler": {
      "Package": "clusterProfiler",
      "Version": "3.14.3",
      "Source": "Bioconductor",
      "Hash": "22182363df1cfd4f985f9eddc49e45cf"
    },
    "colorspace": {
      "Package": "colorspace",
      "Version": "1.4-1",
      "Source": "Repository",
      "Repository": "CRAN",
      "Hash": "6b436e95723d1f0e861224dd9b094dfb"
    },
    "cowplot": {
      "Package": "cowplot",
      "Version": "1.0.0",
      "Source": "Repository",
      "Repository": "CRAN",
      "Hash": "82bae0172ae9d4c4f88a440ad01f73bb"
    },
    "crayon": {
      "Package": "crayon",
      "Version": "1.3.4",
      "Source": "Repository",
      "Repository": "CRAN",
      "Hash": "0d57bc8e27b7ba9e45dba825ebc0de6b"
    },
    "crosstalk": {
      "Package": "crosstalk",
      "Version": "1.0.0",
      "Source": "Repository",
      "Repository": "CRAN",
      "Hash": "4ac529753d1e529966ef675d7f0c762b"
    },
    "curl": {
      "Package": "curl",
      "Version": "4.3",
      "Source": "Repository",
      "Repository": "CRAN",
      "Hash": "2b7d10581cc730804e9ed178c8374bd6"
    },
    "data.table": {
      "Package": "data.table",
      "Version": "1.12.8",
      "Source": "Repository",
      "Repository": "CRAN",
      "Hash": "cd711af60c47207a776213a368626369"
    },
    "dbplyr": {
      "Package": "dbplyr",
      "Version": "1.4.2",
      "Source": "Repository",
      "Repository": "CRAN",
      "Hash": "022c8630abecb00f22740d021ab89595"
    },
    "desc": {
      "Package": "desc",
      "Version": "1.2.0",
      "Source": "Repository",
      "Repository": "CRAN",
      "Hash": "6c8fe8fa26a23b79949375d372c7b395"
    },
    "digest": {
      "Package": "digest",
      "Version": "0.6.23",
      "Source": "Repository",
      "Repository": "CRAN",
      "Hash": "931fd68809dab4609b4d4b5702206066"
    },
    "dplyr": {
      "Package": "dplyr",
      "Version": "0.8.3",
      "Source": "Repository",
      "Repository": "CRAN",
      "Hash": "c426258a806b7e69613432b197b9954d"
    },
    "dqrng": {
      "Package": "dqrng",
      "Version": "0.2.1",
      "Source": "Repository",
      "Repository": "CRAN",
      "Hash": "cc0d03e8383d407e9568855f8efbc07d"
    },
    "edgeR": {
      "Package": "edgeR",
      "Version": "3.28.1",
      "Source": "Bioconductor",
      "Hash": "89c7b7cf2495fd8a434f6d0b40ec5060"
    },
    "ellipsis": {
      "Package": "ellipsis",
      "Version": "0.3.0",
      "Source": "Repository",
      "Repository": "CRAN",
      "Hash": "7067d90c1c780bfe80c0d497e3d7b49d"
    },
    "emmeans": {
      "Package": "emmeans",
      "Version": "1.4.8",
      "Source": "Repository",
      "Repository": "CRAN",
      "Hash": "e4e155221cb570a5070611c42690e100"
    },
    "enrichplot": {
      "Package": "enrichplot",
      "Version": "1.6.1",
      "Source": "Bioconductor",
      "Hash": "164b4a609ce63b1939c4ef7140817786"
    },
    "estimability": {
      "Package": "estimability",
      "Version": "1.3",
      "Source": "Repository",
      "Repository": "CRAN",
      "Hash": "05901bd61be60fd3bfc5b7d7c3517d1d"
    },
    "europepmc": {
      "Package": "europepmc",
      "Version": "0.4",
      "Source": "Repository",
      "Repository": "CRAN",
      "Hash": "69b8843c951bab927f80e101fa268002"
    },
    "evaluate": {
      "Package": "evaluate",
      "Version": "0.14",
      "Source": "Repository",
      "Repository": "CRAN",
      "Hash": "ec8ca05cffcc70569eaaad8469d2a3a7"
    },
    "fansi": {
      "Package": "fansi",
      "Version": "0.4.0",
      "Source": "Repository",
      "Repository": "CRAN",
      "Hash": "b31d9e5d051553d1177083aeba04b5b9"
    },
    "farver": {
      "Package": "farver",
      "Version": "2.0.1",
      "Source": "Repository",
      "Repository": "CRAN",
      "Hash": "e1e33215c942e78d2128221079b5dc35"
    },
    "fastmap": {
      "Package": "fastmap",
      "Version": "1.0.1",
      "Source": "Repository",
      "Repository": "CRAN",
      "Hash": "83ab58a0518afe3d17e41da01af13b60"
    },
    "fastmatch": {
      "Package": "fastmatch",
      "Version": "1.1-0",
      "Source": "Repository",
      "Repository": "CRAN",
      "Hash": "2cfe25650d69960c54e06840e4b5d8e4"
    },
    "fastqcr": {
      "Package": "fastqcr",
      "Version": "0.1.2",
      "Source": "Repository",
      "Repository": "CRAN",
      "Hash": "2abd00eb709c07fc87aa6b4132e17040"
    },
    "fgsea": {
      "Package": "fgsea",
      "Version": "1.12.0",
      "Source": "Bioconductor",
      "Hash": "f460e44e68e4cab1d7a05a47c77c753b"
    },
    "forcats": {
      "Package": "forcats",
      "Version": "0.4.0",
      "Source": "Repository",
      "Repository": "CRAN",
      "Hash": "c6a8cdc67d337ac3df901b0ea73b8cec"
    },
    "foreign": {
      "Package": "foreign",
      "Version": "0.8-71",
      "Source": "Repository",
      "Repository": "CRAN",
      "Hash": "cf285837c1587867535424bb608bc1bf"
    },
    "formatR": {
      "Package": "formatR",
      "Version": "1.7",
      "Source": "Repository",
      "Repository": "CRAN",
      "Hash": "ad36e26eeeb7393886d8a0e19bc6ee42"
    },
    "fs": {
      "Package": "fs",
      "Version": "1.3.1",
      "Source": "Repository",
      "Repository": "CRAN",
      "Hash": "0e26be4558dbbc713d7cfe4a4c361f38"
    },
    "futile.logger": {
      "Package": "futile.logger",
      "Version": "1.4.3",
      "Source": "Repository",
      "Repository": "CRAN",
      "Hash": "99f0ace8c05ec7d3683d27083c4f1e7e"
    },
    "futile.options": {
      "Package": "futile.options",
      "Version": "1.0.1",
      "Source": "Repository",
      "Repository": "CRAN",
      "Hash": "0d9bf02413ddc2bbe8da9ce369dcdd2b"
    },
    "genefilter": {
      "Package": "genefilter",
      "Version": "1.68.0",
      "Source": "Bioconductor",
      "Hash": "34fd072f5e71c40b799501f4956f9f77"
    },
    "geneplotter": {
      "Package": "geneplotter",
      "Version": "1.64.0",
      "Source": "Bioconductor",
      "Hash": "47eb16880df2f531689468c4073aebc4"
    },
    "generics": {
      "Package": "generics",
      "Version": "0.0.2",
      "Source": "Repository",
      "Repository": "CRAN",
      "Hash": "b8cff1d1391fd1ad8b65877f4c7f2e53"
    },
    "getopt": {
      "Package": "getopt",
      "Version": "1.20.3",
      "Source": "Repository",
      "Repository": "CRAN",
      "Hash": "ad68e3263f0bc9269aab8c2039440117"
    },
    "ggbeeswarm": {
      "Package": "ggbeeswarm",
      "Version": "0.6.0",
      "Source": "Repository",
      "Repository": "CRAN",
      "Hash": "dd68b9b215b2d3119603549a794003c3"
    },
    "ggforce": {
      "Package": "ggforce",
      "Version": "0.3.1",
      "Source": "Repository",
      "Repository": "CRAN",
      "Hash": "b7132d67f9814af0536cd5761be94314"
    },
    "ggplot2": {
      "Package": "ggplot2",
      "Version": "3.3.2",
      "Source": "Repository",
      "Repository": "CRAN",
      "Hash": "4ded8b439797f7b1693bd3d238d0106b"
    },
    "ggplotify": {
      "Package": "ggplotify",
      "Version": "0.0.5",
      "Source": "Repository",
      "Repository": "CRAN",
      "Hash": "01f6ad9ce2c4a474974dac7482e4c19f"
    },
    "ggraph": {
      "Package": "ggraph",
      "Version": "2.0.0",
      "Source": "Repository",
      "Repository": "CRAN",
      "Hash": "a68ee7074241eccb40d77ce0a9b995dd"
    },
    "ggrepel": {
      "Package": "ggrepel",
      "Version": "0.8.1",
      "Source": "Repository",
      "Repository": "CRAN",
      "Hash": "d2d969d2ca127dbb2da60b5a20ee7234"
    },
    "ggridges": {
      "Package": "ggridges",
      "Version": "0.5.2",
      "Source": "Repository",
      "Repository": "CRAN",
      "Hash": "b5c4e55a3856dff3c05595630a40edfc"
    },
    "ggsignif": {
      "Package": "ggsignif",
      "Version": "0.6.0",
      "Source": "Repository",
      "Repository": "CRAN",
      "Hash": "3e9b8a51dfdc95395632b25ce3ce8ebc"
    },
    "glue": {
      "Package": "glue",
      "Version": "1.3.1",
      "Source": "Repository",
      "Repository": "CRAN",
      "Hash": "d4e25697c450c01b202c79ef35694a83"
    },
    "graph": {
      "Package": "graph",
      "Version": "1.64.0",
      "Source": "Bioconductor",
      "Hash": "b133290bd94320ed101d32cf556f78d8"
    },
    "graphlayouts": {
      "Package": "graphlayouts",
      "Version": "0.5.0",
      "Source": "Repository",
      "Repository": "CRAN",
      "Hash": "6791315988972e5c82d470a7b53f6237"
    },
    "gridExtra": {
      "Package": "gridExtra",
      "Version": "2.3",
      "Source": "Repository",
      "Repository": "CRAN",
      "Hash": "7d7f283939f563670a697165b2cf5560"
    },
    "gridGraphics": {
      "Package": "gridGraphics",
      "Version": "0.5-0",
      "Source": "Repository",
      "Repository": "CRAN",
      "Hash": "83c2c0812de7b6e04c2ff471b4d7f920"
    },
    "gtable": {
      "Package": "gtable",
      "Version": "0.3.0",
      "Source": "Repository",
      "Repository": "CRAN",
      "Hash": "ac5c6baf7822ce8732b343f14c072c4d"
    },
    "haven": {
      "Package": "haven",
      "Version": "2.2.0",
      "Source": "Repository",
      "Repository": "CRAN",
      "Hash": "e3f662e125e9fdffd1ee4e94baea3451"
    },
    "hexbin": {
      "Package": "hexbin",
      "Version": "1.28.0",
      "Source": "Repository",
      "Repository": "CRAN",
      "Hash": "c7fbe14bd2b81706ddd9e70d196b56d2"
    },
    "highr": {
      "Package": "highr",
      "Version": "0.8",
      "Source": "Repository",
      "Repository": "CRAN",
      "Hash": "4dc5bb88961e347a0f4d8aad597cbfac"
    },
    "hms": {
      "Package": "hms",
      "Version": "0.5.2",
      "Source": "Repository",
      "Repository": "CRAN",
      "Hash": "e8700e1bc2963a77ff8d80f42faa5a46"
    },
    "htmlTable": {
      "Package": "htmlTable",
      "Version": "2.0.1",
      "Source": "Repository",
      "Repository": "CRAN",
      "Hash": "26a4f69eeb1564c3e19f7af40c3e86df"
    },
    "htmltools": {
      "Package": "htmltools",
      "Version": "0.4.0",
      "Source": "Repository",
      "Repository": "CRAN",
      "Hash": "2d7691222f82f41e93f6d30f169bd5e1"
    },
    "htmlwidgets": {
      "Package": "htmlwidgets",
      "Version": "1.5.1",
      "Source": "Repository",
      "Repository": "CRAN",
      "Hash": "41bace23583fbc25089edae324de2dc3"
    },
    "httpuv": {
      "Package": "httpuv",
      "Version": "1.5.2",
      "Source": "Repository",
      "Repository": "CRAN",
      "Hash": "f793dad2c9ae14fbb1d22f16f23f8326"
    },
    "httr": {
      "Package": "httr",
      "Version": "1.4.1",
      "Source": "Repository",
      "Repository": "CRAN",
      "Hash": "7146fea4685b4252ebf478978c75f597"
    },
    "igraph": {
      "Package": "igraph",
      "Version": "1.2.4.2",
      "Source": "Repository",
      "Repository": "CRAN",
      "Hash": "fffa635f747cd07ffc56bc13a23701e4"
    },
    "interactiveDisplayBase": {
      "Package": "interactiveDisplayBase",
      "Version": "1.24.0",
      "Source": "Bioconductor",
      "Hash": "96b89e42697cbf6c1669142ebd1ebe0c"
    },
    "irlba": {
      "Package": "irlba",
      "Version": "2.3.3",
      "Source": "Repository",
      "Repository": "CRAN",
      "Hash": "a9ad517358000d57022401ef18ee657a"
    },
    "isoband": {
      "Package": "isoband",
      "Version": "0.2.2",
      "Source": "Repository",
      "Repository": "CRAN",
      "Hash": "6e58bd3d6b3dd82a944cd6f05ade228f"
    },
    "jpeg": {
      "Package": "jpeg",
      "Version": "0.1-8.1",
      "Source": "Repository",
      "Repository": "CRAN",
      "Hash": "bc316c003aba520fc73d70ad53b5fc36"
    },
    "jsonlite": {
      "Package": "jsonlite",
      "Version": "1.6",
      "Source": "Repository",
      "Repository": "CRAN",
      "Hash": "bc5739654d032acf531356e32e0d0f54"
    },
    "knitr": {
      "Package": "knitr",
      "Version": "1.26",
      "Source": "Repository",
      "Repository": "CRAN",
      "Hash": "a1f86bbc39ae43c6ae183223a52527a1"
    },
    "labeling": {
      "Package": "labeling",
      "Version": "0.3",
      "Source": "Repository",
      "Repository": "CRAN",
      "Hash": "73832978c1de350df58108c745ed0e3e"
    },
    "lambda.r": {
      "Package": "lambda.r",
      "Version": "1.2.4",
      "Source": "Repository",
      "Repository": "CRAN",
      "Hash": "b1e925c4b9ffeb901bacf812cbe9a6ad"
    },
    "later": {
      "Package": "later",
      "Version": "1.0.0",
      "Source": "Repository",
      "Repository": "CRAN",
      "Hash": "6d927978fc658d24175ce37db635f9e5"
    },
    "lattice": {
      "Package": "lattice",
      "Version": "0.20-38",
      "Source": "Repository",
      "Repository": "CRAN",
      "Hash": "848f8c593fd1050371042d18d152e3d7"
    },
    "latticeExtra": {
      "Package": "latticeExtra",
      "Version": "0.6-29",
      "Source": "Repository",
      "Repository": "CRAN",
      "Hash": "590829599d6182cf7461787af34666ee"
    },
    "lazyeval": {
      "Package": "lazyeval",
      "Version": "0.2.2",
      "Source": "Repository",
      "Repository": "CRAN",
      "Hash": "d908914ae53b04d4c0c0fd72ecc35370"
    },
    "lifecycle": {
      "Package": "lifecycle",
      "Version": "0.1.0",
      "Source": "Repository",
      "Repository": "CRAN",
      "Hash": "dc0e9c03b3635ff433b045ce6bf0612d"
    },
    "limma": {
      "Package": "limma",
      "Version": "3.42.2",
      "Source": "Bioconductor",
      "Hash": "d56e7c663eb11536c78fe2f25d9fa544"
    },
    "locfit": {
      "Package": "locfit",
      "Version": "1.5-9.4",
      "Source": "Repository",
      "Repository": "CRAN",
      "Hash": "760b5b542e8435237d1b3c253bfe18e7"
    },
    "lubridate": {
      "Package": "lubridate",
      "Version": "1.7.4",
      "Source": "Repository",
      "Repository": "CRAN",
      "Hash": "796afeea047cda6bdb308d374a33eeb6"
    },
    "magrittr": {
      "Package": "magrittr",
      "Version": "1.5",
      "Source": "Repository",
      "Repository": "CRAN",
      "Hash": "1bb58822a20301cee84a41678e25d9b7"
    },
    "markdown": {
      "Package": "markdown",
      "Version": "1.1",
      "Source": "Repository",
      "Repository": "CRAN",
      "Hash": "61e4a10781dd00d7d81dd06ca9b94e95"
    },
    "matrixStats": {
      "Package": "matrixStats",
      "Version": "0.56.0",
      "Source": "Repository",
      "Repository": "CRAN",
      "Hash": "d16f18aeb023d7a80c090d9458fc75a6"
    },
    "memoise": {
      "Package": "memoise",
      "Version": "1.1.0",
      "Source": "Repository",
      "Repository": "CRAN",
      "Hash": "58baa74e4603fcfb9a94401c58c8f9b1"
    },
    "mgcv": {
      "Package": "mgcv",
      "Version": "1.8-28",
      "Source": "Repository",
      "Repository": "CRAN",
      "Hash": "aa301a255aac625db12ee1793bd79265"
    },
    "mime": {
      "Package": "mime",
      "Version": "0.7",
      "Source": "Repository",
      "Repository": "CRAN",
      "Hash": "f085cb5d1548336cafa5ee7ec56d7e34"
    },
    "modelr": {
      "Package": "modelr",
      "Version": "0.1.5",
      "Source": "Repository",
      "Repository": "CRAN",
      "Hash": "4d2fe4fcd8a4cab45fcd0479088c4216"
    },
    "msigdbr": {
      "Package": "msigdbr",
      "Version": "7.0.1",
      "Source": "Repository",
      "Repository": "CRAN",
      "Hash": "1cb3f7ddc53a33e2743126cef7500d14"
    },
    "munsell": {
      "Package": "munsell",
      "Version": "0.5.0",
      "Source": "Repository",
      "Repository": "CRAN",
      "Hash": "6dfe8bf774944bd5595785e3229d8771"
    },
    "mvtnorm": {
      "Package": "mvtnorm",
      "Version": "1.1-1",
      "Source": "Repository",
      "Repository": "CRAN",
      "Hash": "69fa7331e7410c2a2cb3f9868513904f"
    },
    "nlme": {
      "Package": "nlme",
      "Version": "3.1-140",
      "Source": "Repository",
      "Repository": "CRAN",
      "Hash": "79d4c59449e799385e98e222e5f8f950"
    },
    "nnet": {
      "Package": "nnet",
      "Version": "7.3-12",
      "Source": "Repository",
      "Repository": "CRAN",
      "Hash": "68287aec1f476c41d16ce1ace445800c"
    },
    "numDeriv": {
      "Package": "numDeriv",
      "Version": "2016.8-1.1",
      "Source": "Repository",
      "Repository": "CRAN",
      "Hash": "df58958f293b166e4ab885ebcad90e02"
    },
    "openssl": {
      "Package": "openssl",
      "Version": "1.4.1",
      "Source": "Repository",
      "Repository": "CRAN",
      "Hash": "49f7258fd86ebeaea1df24d9ded00478"
    },
    "optparse": {
      "Package": "optparse",
      "Version": "1.6.4",
      "Source": "Repository",
      "Repository": "CRAN",
      "Hash": "a7bcbc502a6c258cda9baf656f87ea6b"
    },
    "org.Hs.eg.db": {
      "Package": "org.Hs.eg.db",
      "Version": "3.10.0",
      "Source": "Bioconductor",
      "Hash": "5201dd022e5d661d2634c95fee2cea91"
    },
    "pheatmap": {
      "Package": "pheatmap",
      "Version": "1.0.12",
      "Source": "Repository",
      "Repository": "CRAN",
      "Hash": "db1fb0021811b6693741325bbe916e58"
    },
    "pillar": {
      "Package": "pillar",
      "Version": "1.4.2",
      "Source": "Repository",
      "Repository": "CRAN",
      "Hash": "9f20924c27aee3d09296c22fb84bc9de"
    },
    "pkgbuild": {
      "Package": "pkgbuild",
      "Version": "1.0.6",
      "Source": "Repository",
      "Repository": "CRAN",
      "Hash": "899835dfe286963471cbdb9591f8f94f"
    },
    "pkgconfig": {
      "Package": "pkgconfig",
      "Version": "2.0.3",
      "Source": "Repository",
      "Repository": "CRAN",
      "Hash": "01f28d4278f15c76cddbea05899c5d6f"
    },
    "pkgload": {
      "Package": "pkgload",
      "Version": "1.0.2",
      "Source": "Repository",
      "Repository": "CRAN",
      "Hash": "5e655fb54cceead0f095f22d7be33da3"
    },
    "plogr": {
      "Package": "plogr",
      "Version": "0.2.0",
      "Source": "Repository",
      "Repository": "CRAN",
      "Hash": "09eb987710984fc2905c7129c7d85e65"
    },
    "plotly": {
      "Package": "plotly",
      "Version": "4.9.1",
      "Source": "Repository",
      "Repository": "CRAN",
      "Hash": "f944fd279ce84daf29b179611bea0345"
    },
    "plyr": {
      "Package": "plyr",
      "Version": "1.8.5",
      "Source": "Repository",
      "Repository": "CRAN",
      "Hash": "3f1b0dbcc503320e6e7aae6c3ff87eaa"
    },
    "png": {
      "Package": "png",
      "Version": "0.1-7",
      "Source": "Repository",
      "Repository": "CRAN",
      "Hash": "03b7076c234cb3331288919983326c55"
    },
    "polyclip": {
      "Package": "polyclip",
      "Version": "1.10-0",
      "Source": "Repository",
      "Repository": "CRAN",
      "Hash": "cb167f328b3ada4ec5cf67a7df4c900a"
    },
    "praise": {
      "Package": "praise",
      "Version": "1.0.0",
      "Source": "Repository",
      "Repository": "CRAN",
      "Hash": "a555924add98c99d2f411e37e7d25e9f"
    },
    "preprocessCore": {
      "Package": "preprocessCore",
      "Version": "1.48.0",
      "Source": "Bioconductor",
      "Hash": "a9cf0915ed400f7c2c4627f2af2c8b4c"
    },
    "prettyunits": {
      "Package": "prettyunits",
      "Version": "1.0.2",
      "Source": "Repository",
      "Repository": "CRAN",
      "Hash": "f3c960f0105f2ed179460864979fc37c"
    },
    "processx": {
      "Package": "processx",
      "Version": "3.4.1",
      "Source": "Repository",
      "Repository": "CRAN",
      "Hash": "3fcec01e55910997ae663883cc66a989"
    },
    "progress": {
      "Package": "progress",
      "Version": "1.2.2",
      "Source": "Repository",
      "Repository": "CRAN",
      "Hash": "14dc9f7a3c91ebb14ec5bb9208a07061"
    },
    "promises": {
      "Package": "promises",
      "Version": "1.1.0",
      "Source": "Repository",
      "Repository": "CRAN",
      "Hash": "efbbe62da4709f7040a380c702bc7103"
    },
    "ps": {
      "Package": "ps",
      "Version": "1.3.0",
      "Source": "Repository",
      "Repository": "CRAN",
      "Hash": "919a32c940a25bc95fd464df9998a6ba"
    },
    "purrr": {
      "Package": "purrr",
      "Version": "0.3.3",
      "Source": "Repository",
      "Repository": "CRAN",
      "Hash": "22aca7d1181718e927d403a8c2d69d62"
    },
    "qusage": {
      "Package": "qusage",
      "Version": "2.20.0",
      "Source": "Bioconductor",
      "Hash": "68c1eab39056a3f947beea4704ccda6d"
    },
    "qvalue": {
      "Package": "qvalue",
      "Version": "2.18.0",
      "Source": "Bioconductor",
      "Hash": "8e0effe0115ff0eeae7576ffde98945f"
    },
    "rappdirs": {
      "Package": "rappdirs",
      "Version": "0.3.1",
      "Source": "Repository",
      "Repository": "CRAN",
      "Hash": "8c8298583adbbe76f3c2220eef71bebc"
    },
    "readr": {
      "Package": "readr",
      "Version": "1.3.1",
      "Source": "Repository",
      "Repository": "CRAN",
      "Hash": "af8ab99cd936773a148963905736907b"
    },
    "readxl": {
      "Package": "readxl",
      "Version": "1.3.1",
      "Source": "Repository",
      "Repository": "CRAN",
      "Hash": "63537c483c2dbec8d9e3183b3735254a"
    },
    "rematch": {
      "Package": "rematch",
      "Version": "1.0.1",
      "Source": "Repository",
      "Repository": "CRAN",
      "Hash": "c66b930d20bb6d858cd18e1cebcfae5c"
    },
    "remotes": {
      "Package": "remotes",
      "Version": "2.1.0",
      "Source": "Repository",
      "Repository": "CRAN",
      "Hash": "824a9fab6c4b3f3afd78e9e285d9c365"
    },
    "renv": {
      "Package": "renv",
      "Version": "0.12.5-2",
      "Source": "GitHub",
      "RemoteType": "github",
      "RemoteHost": "api.github.com",
      "RemoteRepo": "renv",
      "RemoteUsername": "rstudio",
      "RemoteRef": "0.12.5-2",
      "RemoteSha": "ec7cd6dc0ff74f7813aaa72f90ec66cae38faea6",
      "Hash": "bb1c614bec0dbc0d08c19848952bfdb1"
    },
    "reprex": {
      "Package": "reprex",
      "Version": "0.3.0",
      "Source": "Repository",
      "Repository": "CRAN",
      "Hash": "b06bfb3504cc8a4579fd5567646f745b"
    },
    "reshape2": {
      "Package": "reshape2",
      "Version": "1.4.3",
      "Source": "Repository",
      "Repository": "CRAN",
      "Hash": "15a23ad30f51789188e439599559815c"
    },
    "reticulate": {
      "Package": "reticulate",
      "Version": "1.13",
      "Source": "Repository",
      "Repository": "CRAN",
      "Hash": "b79cab863b9d9c302467f6cf3ab00f6d"
    },
    "rhdf5": {
      "Package": "rhdf5",
      "Version": "2.30.1",
      "Source": "Bioconductor",
      "Hash": "413d578e76ee631eaf479d9b98841bf8"
    },
    "rjson": {
      "Package": "rjson",
      "Version": "0.2.20",
      "Source": "Repository",
      "Repository": "CRAN",
      "Hash": "7d597f982ee6263716b6a2f28efd29fa"
    },
    "rlang": {
      "Package": "rlang",
      "Version": "0.4.2",
      "Source": "Repository",
      "Repository": "CRAN",
      "Hash": "ff31d958a041593f58ba04fc637d90dd"
    },
    "rmarkdown": {
      "Package": "rmarkdown",
      "Version": "1.18",
      "Source": "Repository",
      "Repository": "CRAN",
      "Hash": "2a1b6baa83112f3c8e1909f3989ea9d9"
    },
    "rpart": {
      "Package": "rpart",
      "Version": "4.1-15",
      "Source": "Repository",
      "Repository": "CRAN",
      "Hash": "9787c1fcb680e655d062e7611cadf78e"
    },
    "rprojroot": {
      "Package": "rprojroot",
      "Version": "1.3-2",
      "Source": "Repository",
      "Repository": "CRAN",
      "Hash": "f6a407ae5dd21f6f80a6708bbb6eb3ae"
    },
    "rstudioapi": {
      "Package": "rstudioapi",
      "Version": "0.10",
      "Source": "Repository",
      "Repository": "CRAN",
      "Hash": "da31c988698b91fdf6a3e2317679d6cb"
    },
    "rsvd": {
      "Package": "rsvd",
      "Version": "1.0.3",
      "Source": "Repository",
      "Repository": "CRAN",
      "Hash": "3a6b30449282b6a4b19ce267142c3299"
    },
    "rvcheck": {
      "Package": "rvcheck",
      "Version": "0.1.8",
      "Source": "Repository",
      "Repository": "CRAN",
      "Hash": "11ebf2d3d4990e8bb9f28d5ab0c204fc"
    },
    "rvest": {
      "Package": "rvest",
      "Version": "0.3.5",
      "Source": "Repository",
      "Repository": "CRAN",
      "Hash": "6a20c2cdf133ebc7ac45888c9ccc052b"
    },
    "scales": {
      "Package": "scales",
      "Version": "1.1.0",
      "Source": "Repository",
      "Repository": "CRAN",
      "Hash": "a1c68369c629ea3188d0676e37069c65"
    },
    "scater": {
      "Package": "scater",
      "Version": "1.14.6",
      "Source": "Bioconductor",
      "Hash": "20ff4807d30e7dfa01912a3396d71981"
    },
    "scran": {
      "Package": "scran",
      "Version": "1.14.6",
      "Source": "Bioconductor",
      "Hash": "cd8f062fd04977b03193bb44022a6198"
    },
    "selectr": {
      "Package": "selectr",
      "Version": "0.4-2",
      "Source": "Repository",
      "Repository": "CRAN",
      "Hash": "3838071b66e0c566d55cc26bd6e27bf4"
    },
    "shape": {
      "Package": "shape",
      "Version": "1.4.4",
      "Source": "Repository",
      "Repository": "CRAN",
      "Hash": "ef692f72a633981cad0d4950a5775702"
    },
    "shiny": {
      "Package": "shiny",
      "Version": "1.4.0",
      "Source": "Repository",
      "Repository": "CRAN",
      "Hash": "6ca23724bb2c804c1d0b3db4862a39c7"
    },
    "shinythemes": {
      "Package": "shinythemes",
      "Version": "1.1.2",
      "Source": "Repository",
      "Repository": "CRAN",
      "Hash": "8f047210d7d68ea4860a3c0d8cced272"
    },
    "sitmo": {
      "Package": "sitmo",
      "Version": "2.0.1",
      "Source": "Repository",
      "Repository": "CRAN",
      "Hash": "0f9ba299f2385e686745b066c6d7a7c4"
    },
    "snow": {
      "Package": "snow",
      "Version": "0.4-3",
      "Source": "Repository",
      "Repository": "CRAN",
      "Hash": "11b822ad6214111a4188d5e5fd1b144c"
    },
    "sourcetools": {
      "Package": "sourcetools",
      "Version": "0.1.7",
      "Source": "Repository",
      "Repository": "CRAN",
      "Hash": "947e4e02a79effa5d512473e10f41797"
    },
    "statmod": {
      "Package": "statmod",
      "Version": "1.4.34",
      "Source": "Repository",
      "Repository": "CRAN",
      "Hash": "5b229273695937933bc21ef235e84962"
    },
    "stringi": {
      "Package": "stringi",
      "Version": "1.4.3",
      "Source": "Repository",
      "Repository": "CRAN",
      "Hash": "74a50760af835563fb2c124e66aa134e"
    },
    "stringr": {
      "Package": "stringr",
      "Version": "1.4.0",
      "Source": "Repository",
      "Repository": "CRAN",
      "Hash": "0759e6b6c0957edb1311028a49a35e76"
    },
    "survival": {
      "Package": "survival",
      "Version": "3.2-3",
      "Source": "Repository",
      "Repository": "CRAN",
      "Hash": "3cc6154c577a82f06250254db30a4bfb"
    },
    "sys": {
      "Package": "sys",
      "Version": "3.3",
      "Source": "Repository",
      "Repository": "CRAN",
      "Hash": "507f3116a38d37ad330a038b3be07b66"
    },
    "testthat": {
      "Package": "testthat",
      "Version": "2.3.1",
      "Source": "Repository",
      "Repository": "CRAN",
      "Hash": "68dad590f6445cdcdaa5b7eec60e9686"
    },
    "tibble": {
      "Package": "tibble",
      "Version": "2.1.3",
      "Source": "Repository",
      "Repository": "CRAN",
      "Hash": "8248ee35d1e15d1e506f05f5a5d46a75"
    },
    "tidygraph": {
      "Package": "tidygraph",
      "Version": "1.1.2",
      "Source": "Repository",
      "Repository": "CRAN",
      "Hash": "2f3f4ff57c91b3f4ef73b96bf7c30fd7"
    },
    "tidyr": {
      "Package": "tidyr",
      "Version": "1.0.0",
      "Source": "Repository",
      "Repository": "CRAN",
      "Hash": "8187ca2c27e80978f5b143bec554a437"
    },
    "tidyselect": {
      "Package": "tidyselect",
      "Version": "0.2.5",
      "Source": "Repository",
      "Repository": "CRAN",
      "Hash": "971842fead8ee9e150495a0ede343a98"
    },
    "tidyverse": {
      "Package": "tidyverse",
      "Version": "1.3.0",
      "Source": "Repository",
      "Repository": "CRAN",
      "Hash": "bd51be662f359fa99021f3d51e911490"
    },
    "tinytex": {
      "Package": "tinytex",
      "Version": "0.18",
      "Source": "Repository",
      "Repository": "CRAN",
      "Hash": "e2ce80882682180c2b5f86d2b47c9951"
    },
    "triebeard": {
      "Package": "triebeard",
      "Version": "0.3.0",
      "Source": "Repository",
      "Repository": "CRAN",
      "Hash": "847a9d113b78baca4a9a8639609ea228"
    },
    "tweenr": {
      "Package": "tweenr",
      "Version": "1.0.1",
      "Source": "Repository",
      "Repository": "CRAN",
      "Hash": "fc77eb5297507cccfa3349a606061030"
    },
    "tximport": {
      "Package": "tximport",
      "Version": "1.14.2",
      "Source": "Bioconductor",
      "Hash": "97fd0761af0c6688c36fda2363445fb3"
    },
    "umap": {
      "Package": "umap",
      "Version": "0.2.4.0",
      "Source": "Repository",
      "Repository": "CRAN",
      "Hash": "afd795d985b0f1c1403173e1de336f17"
    },
    "urltools": {
      "Package": "urltools",
      "Version": "1.7.3",
      "Source": "Repository",
      "Repository": "CRAN",
      "Hash": "e86a704261a105f4703f653e05defa3e"
    },
    "utf8": {
      "Package": "utf8",
      "Version": "1.1.4",
      "Source": "Repository",
      "Repository": "CRAN",
      "Hash": "4a5081acfb7b81a572e4384a7aaf2af1"
    },
    "vctrs": {
      "Package": "vctrs",
      "Version": "0.2.0",
      "Source": "Repository",
      "Repository": "CRAN",
      "Hash": "c40cfd786b30c20ea9f1247f06a7ee56"
    },
    "vipor": {
      "Package": "vipor",
      "Version": "0.4.5",
      "Source": "Repository",
      "Repository": "CRAN",
      "Hash": "ea85683da7f2bfa63a98dc6416892591"
    },
    "viridis": {
      "Package": "viridis",
      "Version": "0.5.1",
      "Source": "Repository",
      "Repository": "CRAN",
      "Hash": "6f6b49e5b3b5ee5a6d0c28bf1b4b9eb3"
    },
    "viridisLite": {
      "Package": "viridisLite",
      "Version": "0.3.0",
      "Source": "Repository",
      "Repository": "CRAN",
      "Hash": "ce4f6271baa94776db692f1cb2055bee"
    },
    "vsn": {
      "Package": "vsn",
      "Version": "3.54.0",
      "Source": "Bioconductor",
      "Hash": "c9e2c4b692e879b0755347e1cbd896b3"
    },
    "whisker": {
      "Package": "whisker",
      "Version": "0.4",
      "Source": "Repository",
      "Repository": "CRAN",
      "Hash": "ca970b96d894e90397ed20637a0c1bbe"
    },
    "withr": {
      "Package": "withr",
      "Version": "2.1.2",
      "Source": "Repository",
      "Repository": "CRAN",
      "Hash": "aa57ed55ff2df4bea697a07df528993d"
    },
    "xfun": {
      "Package": "xfun",
      "Version": "0.11",
      "Source": "Repository",
      "Repository": "CRAN",
      "Hash": "9ec720c772e46177f8a78792939f4bef"
    },
    "xml2": {
      "Package": "xml2",
      "Version": "1.2.2",
      "Source": "Repository",
      "Repository": "CRAN",
      "Hash": "63ad35854e01d8b59ca18095b5145bb7"
    },
    "xtable": {
      "Package": "xtable",
      "Version": "1.8-4",
      "Source": "Repository",
      "Repository": "CRAN",
      "Hash": "b8acdf8af494d9ec19ccb2481a9b11c2"
    },
    "yaml": {
      "Package": "yaml",
      "Version": "2.2.0",
      "Source": "Repository",
      "Repository": "CRAN",
      "Hash": "c78bdf1d16bd4ec7ecc86c6986d53309"
    },
    "zeallot": {
      "Package": "zeallot",
      "Version": "0.1.0",
      "Source": "Repository",
      "Repository": "CRAN",
      "Hash": "ee9b643aa8331c45d8d82eb3a137c9bc"
    },
    "zlibbioc": {
      "Package": "zlibbioc",
      "Version": "1.32.0",
      "Source": "Bioconductor",
      "Hash": "f7a31247eadfb45098bcf2e8c4aebb49"
    }
  }
}
